
Microsoft Visual Studio Solution File, Format Version 12.00
# Visual Studio Version 17
VisualStudioVersion = 17.11.35327.3
MinimumVisualStudioVersion = 10.0.40219.1
Project("{FAE04EC0-301F-11D3-BF4B-00C04F79EFBC}") = "233599_ConsoleApp_Activity-01", "233599_ConsoleApp_Activity-01\233599_ConsoleApp_Activity-01.csproj", "{C5346F75-85B0-46F5-8D2B-92940637868E}"
EndProject
Global
	GlobalSection(SolutionConfigurationPlatforms) = preSolution
		Debug|Any CPU = Debug|Any CPU
		Release|Any CPU = Release|Any CPU
	EndGlobalSection
	GlobalSection(ProjectConfigurationPlatforms) = postSolution
		{C5346F75-85B0-46F5-8D2B-92940637868E}.Debug|Any CPU.ActiveCfg = Debug|Any CPU
		{C5346F75-85B0-46F5-8D2B-92940637868E}.Debug|Any CPU.Build.0 = Debug|Any CPU
		{C5346F75-85B0-46F5-8D2B-92940637868E}.Release|Any CPU.ActiveCfg = Release|Any CPU
		{C5346F75-85B0-46F5-8D2B-92940637868E}.Release|Any CPU.Build.0 = Release|Any CPU
	EndGlobalSection
	GlobalSection(SolutionProperties) = preSolution
		HideSolutionNode = FALSE
	EndGlobalSection
	GlobalSection(ExtensibilityGlobals) = postSolution
		SolutionGuid = {51818381-FE7D-4F77-9700-08BD0C18BAF6}
	EndGlobalSection
EndGlobal
