
Microsoft Visual Studio Solution File, Format Version 12.00
# Visual Studio Version 17
VisualStudioVersion = 17.11.35327.3
MinimumVisualStudioVersion = 10.0.40219.1
Project("{FAE04EC0-301F-11D3-BF4B-00C04F79EFBC}") = "Exercise#2", "Exercise#2\Exercise#2.csproj", "{86511F90-B1AF-41FE-B8F7-A21252994DB6}"
EndProject
Global
	GlobalSection(SolutionConfigurationPlatforms) = preSolution
		Debug|Any CPU = Debug|Any CPU
		Release|Any CPU = Release|Any CPU
	EndGlobalSection
	GlobalSection(ProjectConfigurationPlatforms) = postSolution
		{86511F90-B1AF-41FE-B8F7-A21252994DB6}.Debug|Any CPU.ActiveCfg = Debug|Any CPU
		{86511F90-B1AF-41FE-B8F7-A21252994DB6}.Debug|Any CPU.Build.0 = Debug|Any CPU
		{86511F90-B1AF-41FE-B8F7-A21252994DB6}.Release|Any CPU.ActiveCfg = Release|Any CPU
		{86511F90-B1AF-41FE-B8F7-A21252994DB6}.Release|Any CPU.Build.0 = Release|Any CPU
	EndGlobalSection
	GlobalSection(SolutionProperties) = preSolution
		HideSolutionNode = FALSE
	EndGlobalSection
	GlobalSection(ExtensibilityGlobals) = postSolution
		SolutionGuid = {E59A5A01-53B0-4404-A94B-9C1CE8739B40}
	EndGlobalSection
EndGlobal
