
Microsoft Visual Studio Solution File, Format Version 12.00
# Visual Studio Version 17
VisualStudioVersion = 17.11.35327.3
MinimumVisualStudioVersion = 10.0.40219.1
Project("{FAE04EC0-301F-11D3-BF4B-00C04F79EFBC}") = "Task#2 (Part-C)", "Task#2 (Part-C)\Task#2 (Part-C).csproj", "{BEE4F334-B869-4AD2-86E1-FEF10D1E929B}"
EndProject
Global
	GlobalSection(SolutionConfigurationPlatforms) = preSolution
		Debug|Any CPU = Debug|Any CPU
		Release|Any CPU = Release|Any CPU
	EndGlobalSection
	GlobalSection(ProjectConfigurationPlatforms) = postSolution
		{BEE4F334-B869-4AD2-86E1-FEF10D1E929B}.Debug|Any CPU.ActiveCfg = Debug|Any CPU
		{BEE4F334-B869-4AD2-86E1-FEF10D1E929B}.Debug|Any CPU.Build.0 = Debug|Any CPU
		{BEE4F334-B869-4AD2-86E1-FEF10D1E929B}.Release|Any CPU.ActiveCfg = Release|Any CPU
		{BEE4F334-B869-4AD2-86E1-FEF10D1E929B}.Release|Any CPU.Build.0 = Release|Any CPU
	EndGlobalSection
	GlobalSection(SolutionProperties) = preSolution
		HideSolutionNode = FALSE
	EndGlobalSection
	GlobalSection(ExtensibilityGlobals) = postSolution
		SolutionGuid = {287EA519-D2FC-4776-9636-AD7D67FACCC3}
	EndGlobalSection
EndGlobal
